// !$*UTF8*$!
{
	archiveVersion = 1;
	classes = {
	};
	objectVersion = 46;
	objects = {

/* Begin PBXBuildFile section */
		33112DE608A2422D86154885 /* libPods.a in Frameworks */ = {isa = PBXBuildFile; fileRef = 82EDE598726D4BF1815844AD /* libPods.a */; };
		AF0AF421177A960600C68A7C /* trash@2x.png in Resources */ = {isa = PBXBuildFile; fileRef = AF0AF420177A960600C68A7C /* trash@2x.png */; };
		AF0AF423177A964C00C68A7C /* trash.png in Resources */ = {isa = PBXBuildFile; fileRef = AF0AF422177A964C00C68A7C /* trash.png */; };
		AF0AF426177A9BBD00C68A7C /* shadow.png in Resources */ = {isa = PBXBuildFile; fileRef = AF0AF424177A9BBD00C68A7C /* shadow.png */; };
		AF0AF427177A9BBD00C68A7C /* shadow@2x.png in Resources */ = {isa = PBXBuildFile; fileRef = AF0AF425177A9BBD00C68A7C /* shadow@2x.png */; };
		AF229251174EF9B1000D0662 /* UIKit.framework in Frameworks */ = {isa = PBXBuildFile; fileRef = AF229250174EF9B1000D0662 /* UIKit.framework */; };
		AF229253174EF9B1000D0662 /* Foundation.framework in Frameworks */ = {isa = PBXBuildFile; fileRef = AF229252174EF9B1000D0662 /* Foundation.framework */; };
		AF229255174EF9B1000D0662 /* CoreGraphics.framework in Frameworks */ = {isa = PBXBuildFile; fileRef = AF229254174EF9B1000D0662 /* CoreGraphics.framework */; };
		AF22925B174EF9B1000D0662 /* InfoPlist.strings in Resources */ = {isa = PBXBuildFile; fileRef = AF229259174EF9B1000D0662 /* InfoPlist.strings */; };
		AF22925D174EF9B1000D0662 /* main.m in Sources */ = {isa = PBXBuildFile; fileRef = AF22925C174EF9B1000D0662 /* main.m */; };
		AF229274174EF9EC000D0662 /* CLMAppDelegate.m in Sources */ = {isa = PBXBuildFile; fileRef = AF22926F174EF9EC000D0662 /* CLMAppDelegate.m */; };
		AF229275174EF9EC000D0662 /* Default-568h@2x.png in Resources */ = {isa = PBXBuildFile; fileRef = AF229271174EF9EC000D0662 /* Default-568h@2x.png */; };
		AF229276174EF9EC000D0662 /* Default.png in Resources */ = {isa = PBXBuildFile; fileRef = AF229272174EF9EC000D0662 /* Default.png */; };
		AF229277174EF9EC000D0662 /* Default@2x.png in Resources */ = {isa = PBXBuildFile; fileRef = AF229273174EF9EC000D0662 /* Default@2x.png */; };
		AF22927E174EFA32000D0662 /* CLMApplicationViewController.m in Sources */ = {isa = PBXBuildFile; fileRef = AF22927D174EFA32000D0662 /* CLMApplicationViewController.m */; };
		AF229283174EFB7C000D0662 /* CLMTodoViewController.m in Sources */ = {isa = PBXBuildFile; fileRef = AF229281174EFB7C000D0662 /* CLMTodoViewController.m */; };
		AF229284174EFB7C000D0662 /* CLMTodoViewController.xib in Resources */ = {isa = PBXBuildFile; fileRef = AF229282174EFB7C000D0662 /* CLMTodoViewController.xib */; };
		AF229288174EFC7D000D0662 /* CLMConstants.m in Sources */ = {isa = PBXBuildFile; fileRef = AF229287174EFC7D000D0662 /* CLMConstants.m */; };
		AF229290174EFDD4000D0662 /* CLMTodoItem.m in Sources */ = {isa = PBXBuildFile; fileRef = AF22928F174EFDD4000D0662 /* CLMTodoItem.m */; };
		AF229295174EFDED000D0662 /* CLMTodoDataManager.m in Sources */ = {isa = PBXBuildFile; fileRef = AF229294174EFDED000D0662 /* CLMTodoDataManager.m */; };
		AF22929A174F0202000D0662 /* UITableView+CellSwitch.m in Sources */ = {isa = PBXBuildFile; fileRef = AF229299174F0202000D0662 /* UITableView+CellSwitch.m */; };
		AF22929D174F02EF000D0662 /* UIView+ImageCapture.m in Sources */ = {isa = PBXBuildFile; fileRef = AF22929C174F02EF000D0662 /* UIView+ImageCapture.m */; };
		AF22929F174F032F000D0662 /* QuartzCore.framework in Frameworks */ = {isa = PBXBuildFile; fileRef = AF22929E174F032F000D0662 /* QuartzCore.framework */; };
		AF2292A2174F0C2C000D0662 /* UIColor+TodoColors.m in Sources */ = {isa = PBXBuildFile; fileRef = AF2292A1174F0C2C000D0662 /* UIColor+TodoColors.m */; };
		AF2292A6174F1DF8000D0662 /* CLMTodoItemCell.m in Sources */ = {isa = PBXBuildFile; fileRef = AF2292A5174F1DF8000D0662 /* CLMTodoItemCell.m */; };
		AF2292A8174F1E0B000D0662 /* CLMTodoItemCell.xib in Resources */ = {isa = PBXBuildFile; fileRef = AF2292A7174F1E0B000D0662 /* CLMTodoItemCell.xib */; };
		AF2292AB174F2144000D0662 /* OpenSans-SemiboldItalic.ttf in Resources */ = {isa = PBXBuildFile; fileRef = AF2292AA174F2144000D0662 /* OpenSans-SemiboldItalic.ttf */; };
		AF2292B1175020CC000D0662 /* cell_background.png in Resources */ = {isa = PBXBuildFile; fileRef = AF2292AF175020CC000D0662 /* cell_background.png */; };
		AF2292B2175020CC000D0662 /* cell_background@2x.png in Resources */ = {isa = PBXBuildFile; fileRef = AF2292B0175020CC000D0662 /* cell_background@2x.png */; };
		AF2292B717507DDB000D0662 /* CLMEditItemViewController.m in Sources */ = {isa = PBXBuildFile; fileRef = AF2292B517507DDB000D0662 /* CLMEditItemViewController.m */; };
		AF2292B817507DDB000D0662 /* CLMEditItemViewController.xib in Resources */ = {isa = PBXBuildFile; fileRef = AF2292B617507DDB000D0662 /* CLMEditItemViewController.xib */; };
		AF2292BD17508292000D0662 /* CLMEditTransitionMediator.m in Sources */ = {isa = PBXBuildFile; fileRef = AF2292BC17508292000D0662 /* CLMEditTransitionMediator.m */; };
		AF2293C5175115D3000D0662 /* CLMTodoList.m in Sources */ = {isa = PBXBuildFile; fileRef = AF2293C4175115D3000D0662 /* CLMTodoList.m */; };
		AF2293CA17512076000D0662 /* CLMListsViewController.m in Sources */ = {isa = PBXBuildFile; fileRef = AF2293C817512076000D0662 /* CLMListsViewController.m */; };
		AF2293CB17512076000D0662 /* CLMListsViewController.xib in Resources */ = {isa = PBXBuildFile; fileRef = AF2293C917512076000D0662 /* CLMListsViewController.xib */; };
		AF2293CF17512131000D0662 /* CLMListCell.m in Sources */ = {isa = PBXBuildFile; fileRef = AF2293CE17512131000D0662 /* CLMListCell.m */; };
		AF2293D1175123A6000D0662 /* CLMListCell.xib in Resources */ = {isa = PBXBuildFile; fileRef = AF2293D0175123A5000D0662 /* CLMListCell.xib */; };
		AF89D1751780936100B7E7F6 /* CLMPinchGestureTableView.m in Sources */ = {isa = PBXBuildFile; fileRef = AF89D174178091FA00B7E7F6 /* CLMPinchGestureTableView.m */; };
		AFBCC8EF177D33A800461629 /* trash_red.png in Resources */ = {isa = PBXBuildFile; fileRef = AFBCC8ED177D33A800461629 /* trash_red.png */; };
		AFBCC8F0177D33A800461629 /* trash_red@2x.png in Resources */ = {isa = PBXBuildFile; fileRef = AFBCC8EE177D33A800461629 /* trash_red@2x.png */; };
		AFBCC8F3177D364300461629 /* checkmark_green@2x.png in Resources */ = {isa = PBXBuildFile; fileRef = AFBCC8F1177D364300461629 /* checkmark_green@2x.png */; };
		AFBCC8F4177D364300461629 /* checkmark@2x.png in Resources */ = {isa = PBXBuildFile; fileRef = AFBCC8F2177D364300461629 /* checkmark@2x.png */; };
		AFBCC8F6177D369900461629 /* checkmark_green.png in Resources */ = {isa = PBXBuildFile; fileRef = AFBCC8F5177D369900461629 /* checkmark_green.png */; };
		AFBCC8F8177D36A300461629 /* checkmark.png in Resources */ = {isa = PBXBuildFile; fileRef = AFBCC8F7177D36A300461629 /* checkmark.png */; };
/* End PBXBuildFile section */

/* Begin PBXFileReference section */
		3C91E80E787541FE97790DAB /* Pods.xcconfig */ = {isa = PBXFileReference; includeInIndex = 1; lastKnownFileType = text.xcconfig; name = Pods.xcconfig; path = Pods/Pods.xcconfig; sourceTree = SOURCE_ROOT; };
		82EDE598726D4BF1815844AD /* libPods.a */ = {isa = PBXFileReference; explicitFileType = archive.ar; includeInIndex = 0; path = libPods.a; sourceTree = BUILT_PRODUCTS_DIR; };
		AF0AF420177A960600C68A7C /* trash@2x.png */ = {isa = PBXFileReference; lastKnownFileType = image.png; path = "trash@2x.png"; sourceTree = "<group>"; };
		AF0AF422177A964C00C68A7C /* trash.png */ = {isa = PBXFileReference; lastKnownFileType = image.png; path = trash.png; sourceTree = "<group>"; };
		AF0AF424177A9BBD00C68A7C /* shadow.png */ = {isa = PBXFileReference; lastKnownFileType = image.png; path = shadow.png; sourceTree = "<group>"; };
		AF0AF425177A9BBD00C68A7C /* shadow@2x.png */ = {isa = PBXFileReference; lastKnownFileType = image.png; path = "shadow@2x.png"; sourceTree = "<group>"; };
		AF22924D174EF9B1000D0662 /* Todo.app */ = {isa = PBXFileReference; explicitFileType = wrapper.application; includeInIndex = 0; path = Todo.app; sourceTree = BUILT_PRODUCTS_DIR; };
		AF229250174EF9B1000D0662 /* UIKit.framework */ = {isa = PBXFileReference; lastKnownFileType = wrapper.framework; name = UIKit.framework; path = System/Library/Frameworks/UIKit.framework; sourceTree = SDKROOT; };
		AF229252174EF9B1000D0662 /* Foundation.framework */ = {isa = PBXFileReference; lastKnownFileType = wrapper.framework; name = Foundation.framework; path = System/Library/Frameworks/Foundation.framework; sourceTree = SDKROOT; };
		AF229254174EF9B1000D0662 /* CoreGraphics.framework */ = {isa = PBXFileReference; lastKnownFileType = wrapper.framework; name = CoreGraphics.framework; path = System/Library/Frameworks/CoreGraphics.framework; sourceTree = SDKROOT; };
		AF229258174EF9B1000D0662 /* Todo-Info.plist */ = {isa = PBXFileReference; lastKnownFileType = text.plist.xml; path = "Todo-Info.plist"; sourceTree = "<group>"; };
		AF22925A174EF9B1000D0662 /* en */ = {isa = PBXFileReference; lastKnownFileType = text.plist.strings; name = en; path = en.lproj/InfoPlist.strings; sourceTree = "<group>"; };
		AF22925C174EF9B1000D0662 /* main.m */ = {isa = PBXFileReference; lastKnownFileType = sourcecode.c.objc; path = main.m; sourceTree = "<group>"; };
		AF22925E174EF9B1000D0662 /* Todo-Prefix.pch */ = {isa = PBXFileReference; lastKnownFileType = sourcecode.c.h; path = "Todo-Prefix.pch"; sourceTree = "<group>"; };
		AF22926E174EF9EC000D0662 /* CLMAppDelegate.h */ = {isa = PBXFileReference; fileEncoding = 4; lastKnownFileType = sourcecode.c.h; path = CLMAppDelegate.h; sourceTree = "<group>"; };
		AF22926F174EF9EC000D0662 /* CLMAppDelegate.m */ = {isa = PBXFileReference; fileEncoding = 4; lastKnownFileType = sourcecode.c.objc; path = CLMAppDelegate.m; sourceTree = "<group>"; };
		AF229271174EF9EC000D0662 /* Default-568h@2x.png */ = {isa = PBXFileReference; lastKnownFileType = image.png; path = "Default-568h@2x.png"; sourceTree = "<group>"; };
		AF229272174EF9EC000D0662 /* Default.png */ = {isa = PBXFileReference; lastKnownFileType = image.png; path = Default.png; sourceTree = "<group>"; };
		AF229273174EF9EC000D0662 /* Default@2x.png */ = {isa = PBXFileReference; lastKnownFileType = image.png; path = "Default@2x.png"; sourceTree = "<group>"; };
		AF22927C174EFA32000D0662 /* CLMApplicationViewController.h */ = {isa = PBXFileReference; fileEncoding = 4; lastKnownFileType = sourcecode.c.h; path = CLMApplicationViewController.h; sourceTree = "<group>"; };
		AF22927D174EFA32000D0662 /* CLMApplicationViewController.m */ = {isa = PBXFileReference; fileEncoding = 4; lastKnownFileType = sourcecode.c.objc; path = CLMApplicationViewController.m; sourceTree = "<group>"; };
		AF229280174EFB7C000D0662 /* CLMTodoViewController.h */ = {isa = PBXFileReference; fileEncoding = 4; lastKnownFileType = sourcecode.c.h; path = CLMTodoViewController.h; sourceTree = "<group>"; };
		AF229281174EFB7C000D0662 /* CLMTodoViewController.m */ = {isa = PBXFileReference; fileEncoding = 4; lastKnownFileType = sourcecode.c.objc; path = CLMTodoViewController.m; sourceTree = "<group>"; };
		AF229282174EFB7C000D0662 /* CLMTodoViewController.xib */ = {isa = PBXFileReference; fileEncoding = 4; lastKnownFileType = file.xib; path = CLMTodoViewController.xib; sourceTree = "<group>"; };
		AF229286174EFC7D000D0662 /* CLMConstants.h */ = {isa = PBXFileReference; fileEncoding = 4; lastKnownFileType = sourcecode.c.h; path = CLMConstants.h; sourceTree = "<group>"; };
		AF229287174EFC7D000D0662 /* CLMConstants.m */ = {isa = PBXFileReference; fileEncoding = 4; lastKnownFileType = sourcecode.c.objc; path = CLMConstants.m; sourceTree = "<group>"; };
		AF22928E174EFDD4000D0662 /* CLMTodoItem.h */ = {isa = PBXFileReference; fileEncoding = 4; lastKnownFileType = sourcecode.c.h; path = CLMTodoItem.h; sourceTree = "<group>"; };
		AF22928F174EFDD4000D0662 /* CLMTodoItem.m */ = {isa = PBXFileReference; fileEncoding = 4; lastKnownFileType = sourcecode.c.objc; path = CLMTodoItem.m; sourceTree = "<group>"; };
		AF229293174EFDED000D0662 /* CLMTodoDataManager.h */ = {isa = PBXFileReference; fileEncoding = 4; lastKnownFileType = sourcecode.c.h; path = CLMTodoDataManager.h; sourceTree = "<group>"; };
		AF229294174EFDED000D0662 /* CLMTodoDataManager.m */ = {isa = PBXFileReference; fileEncoding = 4; lastKnownFileType = sourcecode.c.objc; path = CLMTodoDataManager.m; sourceTree = "<group>"; };
		AF229298174F0202000D0662 /* UITableView+CellSwitch.h */ = {isa = PBXFileReference; fileEncoding = 4; lastKnownFileType = sourcecode.c.h; path = "UITableView+CellSwitch.h"; sourceTree = "<group>"; };
		AF229299174F0202000D0662 /* UITableView+CellSwitch.m */ = {isa = PBXFileReference; fileEncoding = 4; lastKnownFileType = sourcecode.c.objc; path = "UITableView+CellSwitch.m"; sourceTree = "<group>"; };
		AF22929B174F02EF000D0662 /* UIView+ImageCapture.h */ = {isa = PBXFileReference; fileEncoding = 4; lastKnownFileType = sourcecode.c.h; path = "UIView+ImageCapture.h"; sourceTree = "<group>"; };
		AF22929C174F02EF000D0662 /* UIView+ImageCapture.m */ = {isa = PBXFileReference; fileEncoding = 4; lastKnownFileType = sourcecode.c.objc; path = "UIView+ImageCapture.m"; sourceTree = "<group>"; };
		AF22929E174F032F000D0662 /* QuartzCore.framework */ = {isa = PBXFileReference; lastKnownFileType = wrapper.framework; name = QuartzCore.framework; path = System/Library/Frameworks/QuartzCore.framework; sourceTree = SDKROOT; };
		AF2292A0174F0C2C000D0662 /* UIColor+TodoColors.h */ = {isa = PBXFileReference; fileEncoding = 4; lastKnownFileType = sourcecode.c.h; path = "UIColor+TodoColors.h"; sourceTree = "<group>"; };
		AF2292A1174F0C2C000D0662 /* UIColor+TodoColors.m */ = {isa = PBXFileReference; fileEncoding = 4; lastKnownFileType = sourcecode.c.objc; path = "UIColor+TodoColors.m"; sourceTree = "<group>"; };
		AF2292A4174F1DF8000D0662 /* CLMTodoItemCell.h */ = {isa = PBXFileReference; fileEncoding = 4; lastKnownFileType = sourcecode.c.h; path = CLMTodoItemCell.h; sourceTree = "<group>"; };
		AF2292A5174F1DF8000D0662 /* CLMTodoItemCell.m */ = {isa = PBXFileReference; fileEncoding = 4; lastKnownFileType = sourcecode.c.objc; path = CLMTodoItemCell.m; sourceTree = "<group>"; };
		AF2292A7174F1E0B000D0662 /* CLMTodoItemCell.xib */ = {isa = PBXFileReference; fileEncoding = 4; lastKnownFileType = file.xib; path = CLMTodoItemCell.xib; sourceTree = "<group>"; };
		AF2292AA174F2144000D0662 /* OpenSans-SemiboldItalic.ttf */ = {isa = PBXFileReference; lastKnownFileType = file; path = "OpenSans-SemiboldItalic.ttf"; sourceTree = "<group>"; };
		AF2292AC174F2192000D0662 /* OpenSans-Semibold.ttf */ = {isa = PBXFileReference; lastKnownFileType = file; path = "OpenSans-Semibold.ttf"; sourceTree = "<group>"; };
		AF2292AF175020CC000D0662 /* cell_background.png */ = {isa = PBXFileReference; lastKnownFileType = image.png; path = cell_background.png; sourceTree = "<group>"; };
		AF2292B0175020CC000D0662 /* cell_background@2x.png */ = {isa = PBXFileReference; lastKnownFileType = image.png; path = "cell_background@2x.png"; sourceTree = "<group>"; };
		AF2292B417507DDB000D0662 /* CLMEditItemViewController.h */ = {isa = PBXFileReference; fileEncoding = 4; lastKnownFileType = sourcecode.c.h; path = CLMEditItemViewController.h; sourceTree = "<group>"; };
		AF2292B517507DDB000D0662 /* CLMEditItemViewController.m */ = {isa = PBXFileReference; fileEncoding = 4; lastKnownFileType = sourcecode.c.objc; path = CLMEditItemViewController.m; sourceTree = "<group>"; };
		AF2292B617507DDB000D0662 /* CLMEditItemViewController.xib */ = {isa = PBXFileReference; fileEncoding = 4; lastKnownFileType = file.xib; path = CLMEditItemViewController.xib; sourceTree = "<group>"; };
		AF2292BB17508292000D0662 /* CLMEditTransitionMediator.h */ = {isa = PBXFileReference; fileEncoding = 4; lastKnownFileType = sourcecode.c.h; path = CLMEditTransitionMediator.h; sourceTree = "<group>"; };
		AF2292BC17508292000D0662 /* CLMEditTransitionMediator.m */ = {isa = PBXFileReference; fileEncoding = 4; lastKnownFileType = sourcecode.c.objc; path = CLMEditTransitionMediator.m; sourceTree = "<group>"; };
		AF2293C3175115D3000D0662 /* CLMTodoList.h */ = {isa = PBXFileReference; fileEncoding = 4; lastKnownFileType = sourcecode.c.h; path = CLMTodoList.h; sourceTree = "<group>"; };
		AF2293C4175115D3000D0662 /* CLMTodoList.m */ = {isa = PBXFileReference; fileEncoding = 4; lastKnownFileType = sourcecode.c.objc; path = CLMTodoList.m; sourceTree = "<group>"; };
		AF2293C717512076000D0662 /* CLMListsViewController.h */ = {isa = PBXFileReference; fileEncoding = 4; lastKnownFileType = sourcecode.c.h; path = CLMListsViewController.h; sourceTree = "<group>"; };
		AF2293C817512076000D0662 /* CLMListsViewController.m */ = {isa = PBXFileReference; fileEncoding = 4; lastKnownFileType = sourcecode.c.objc; path = CLMListsViewController.m; sourceTree = "<group>"; };
		AF2293C917512076000D0662 /* CLMListsViewController.xib */ = {isa = PBXFileReference; fileEncoding = 4; lastKnownFileType = file.xib; path = CLMListsViewController.xib; sourceTree = "<group>"; };
		AF2293CD17512131000D0662 /* CLMListCell.h */ = {isa = PBXFileReference; fileEncoding = 4; lastKnownFileType = sourcecode.c.h; path = CLMListCell.h; sourceTree = "<group>"; };
		AF2293CE17512131000D0662 /* CLMListCell.m */ = {isa = PBXFileReference; fileEncoding = 4; lastKnownFileType = sourcecode.c.objc; path = CLMListCell.m; sourceTree = "<group>"; };
		AF2293D0175123A5000D0662 /* CLMListCell.xib */ = {isa = PBXFileReference; fileEncoding = 4; lastKnownFileType = file.xib; path = CLMListCell.xib; sourceTree = "<group>"; };
		AF89D173178091FA00B7E7F6 /* CLMPinchGestureTableView.h */ = {isa = PBXFileReference; lastKnownFileType = sourcecode.c.h; path = CLMPinchGestureTableView.h; sourceTree = "<group>"; };
		AF89D174178091FA00B7E7F6 /* CLMPinchGestureTableView.m */ = {isa = PBXFileReference; lastKnownFileType = sourcecode.c.objc; path = CLMPinchGestureTableView.m; sourceTree = "<group>"; };
		AFBCC8ED177D33A800461629 /* trash_red.png */ = {isa = PBXFileReference; lastKnownFileType = image.png; path = trash_red.png; sourceTree = "<group>"; };
		AFBCC8EE177D33A800461629 /* trash_red@2x.png */ = {isa = PBXFileReference; lastKnownFileType = image.png; path = "trash_red@2x.png"; sourceTree = "<group>"; };
		AFBCC8F1177D364300461629 /* checkmark_green@2x.png */ = {isa = PBXFileReference; lastKnownFileType = image.png; path = "checkmark_green@2x.png"; sourceTree = "<group>"; };
		AFBCC8F2177D364300461629 /* checkmark@2x.png */ = {isa = PBXFileReference; lastKnownFileType = image.png; path = "checkmark@2x.png"; sourceTree = "<group>"; };
		AFBCC8F5177D369900461629 /* checkmark_green.png */ = {isa = PBXFileReference; lastKnownFileType = image.png; path = checkmark_green.png; sourceTree = "<group>"; };
		AFBCC8F7177D36A300461629 /* checkmark.png */ = {isa = PBXFileReference; lastKnownFileType = image.png; path = checkmark.png; sourceTree = "<group>"; };
/* End PBXFileReference section */

/* Begin PBXFrameworksBuildPhase section */
		AF22924A174EF9B1000D0662 /* Frameworks */ = {
			isa = PBXFrameworksBuildPhase;
			buildActionMask = 2147483647;
			files = (
				AF22929F174F032F000D0662 /* QuartzCore.framework in Frameworks */,
				AF229251174EF9B1000D0662 /* UIKit.framework in Frameworks */,
				AF229253174EF9B1000D0662 /* Foundation.framework in Frameworks */,
				AF229255174EF9B1000D0662 /* CoreGraphics.framework in Frameworks */,
				33112DE608A2422D86154885 /* libPods.a in Frameworks */,
			);
			runOnlyForDeploymentPostprocessing = 0;
		};
/* End PBXFrameworksBuildPhase section */

/* Begin PBXGroup section */
		AF229244174EF9B1000D0662 = {
			isa = PBXGroup;
			children = (
				AF229256174EF9B1000D0662 /* Todo */,
				AF22924F174EF9B1000D0662 /* Frameworks */,
				AF22924E174EF9B1000D0662 /* Products */,
				3C91E80E787541FE97790DAB /* Pods.xcconfig */,
			);
			sourceTree = "<group>";
		};
		AF22924E174EF9B1000D0662 /* Products */ = {
			isa = PBXGroup;
			children = (
				AF22924D174EF9B1000D0662 /* Todo.app */,
			);
			name = Products;
			sourceTree = "<group>";
		};
		AF22924F174EF9B1000D0662 /* Frameworks */ = {
			isa = PBXGroup;
			children = (
				AF22929E174F032F000D0662 /* QuartzCore.framework */,
				AF229250174EF9B1000D0662 /* UIKit.framework */,
				AF229252174EF9B1000D0662 /* Foundation.framework */,
				AF229254174EF9B1000D0662 /* CoreGraphics.framework */,
				82EDE598726D4BF1815844AD /* libPods.a */,
			);
			name = Frameworks;
			sourceTree = "<group>";
		};
		AF229256174EF9B1000D0662 /* Todo */ = {
			isa = PBXGroup;
			children = (
				AF229257174EF9B1000D0662 /* Supporting Files */,
			);
			path = Todo;
			sourceTree = "<group>";
		};
		AF229257174EF9B1000D0662 /* Supporting Files */ = {
			isa = PBXGroup;
			children = (
				AF22926D174EF9EC000D0662 /* Classes */,
				AF229270174EF9EC000D0662 /* Resources */,
				AF229258174EF9B1000D0662 /* Todo-Info.plist */,
				AF229259174EF9B1000D0662 /* InfoPlist.strings */,
				AF22925C174EF9B1000D0662 /* main.m */,
				AF22925E174EF9B1000D0662 /* Todo-Prefix.pch */,
			);
			name = "Supporting Files";
			sourceTree = "<group>";
		};
		AF22926D174EF9EC000D0662 /* Classes */ = {
			isa = PBXGroup;
			children = (
				AF2292B917508268000D0662 /* Mediators */,
				AF229291174EFDDD000D0662 /* Managers */,
				AF229285174EFC6E000D0662 /* Utilities */,
				AF229278174EFA06000D0662 /* Models */,
				AF229279174EFA06000D0662 /* ViewControllers */,
				AF22927A174EFA06000D0662 /* Views */,
				AF22926E174EF9EC000D0662 /* CLMAppDelegate.h */,
				AF22926F174EF9EC000D0662 /* CLMAppDelegate.m */,
			);
			path = Classes;
			sourceTree = "<group>";
		};
		AF229270174EF9EC000D0662 /* Resources */ = {
			isa = PBXGroup;
			children = (
				AF2292AD175020CC000D0662 /* Images */,
				AF2292A9174F2144000D0662 /* Fonts */,
				AF229271174EF9EC000D0662 /* Default-568h@2x.png */,
				AF229272174EF9EC000D0662 /* Default.png */,
				AF229273174EF9EC000D0662 /* Default@2x.png */,
			);
			path = Resources;
			sourceTree = "<group>";
		};
		AF229278174EFA06000D0662 /* Models */ = {
			isa = PBXGroup;
			children = (
				AF2293C2175115C6000D0662 /* TodoList */,
				AF22928D174EFDD4000D0662 /* TodoItem */,
			);
			path = Models;
			sourceTree = "<group>";
		};
		AF229279174EFA06000D0662 /* ViewControllers */ = {
			isa = PBXGroup;
			children = (
				AF2293C61751205A000D0662 /* ListViewController */,
				AF2292B317507DC7000D0662 /* EditItemViewController */,
				AF22927F174EFB6C000D0662 /* TodoViewController */,
				AF22927B174EFA17000D0662 /* ApplicationViewController */,
			);
			path = ViewControllers;
			sourceTree = "<group>";
		};
		AF22927A174EFA06000D0662 /* Views */ = {
			isa = PBXGroup;
			children = (
				AF2293CC1751211F000D0662 /* ListCell */,
				AF2292A3174F1DE3000D0662 /* TodoItemCell */,
			);
			path = Views;
			sourceTree = "<group>";
		};
		AF22927B174EFA17000D0662 /* ApplicationViewController */ = {
			isa = PBXGroup;
			children = (
				AF22927C174EFA32000D0662 /* CLMApplicationViewController.h */,
				AF22927D174EFA32000D0662 /* CLMApplicationViewController.m */,
			);
			path = ApplicationViewController;
			sourceTree = "<group>";
		};
		AF22927F174EFB6C000D0662 /* TodoViewController */ = {
			isa = PBXGroup;
			children = (
				AF229280174EFB7C000D0662 /* CLMTodoViewController.h */,
				AF229281174EFB7C000D0662 /* CLMTodoViewController.m */,
				AF229282174EFB7C000D0662 /* CLMTodoViewController.xib */,
			);
			path = TodoViewController;
			sourceTree = "<group>";
		};
		AF229285174EFC6E000D0662 /* Utilities */ = {
			isa = PBXGroup;
			children = (
				AF89D172178091D300B7E7F6 /* GestureRecognizers */,
				AF229297174F01E4000D0662 /* Categories */,
				AF229286174EFC7D000D0662 /* CLMConstants.h */,
				AF229287174EFC7D000D0662 /* CLMConstants.m */,
			);
			path = Utilities;
			sourceTree = "<group>";
		};
		AF22928D174EFDD4000D0662 /* TodoItem */ = {
			isa = PBXGroup;
			children = (
				AF22928E174EFDD4000D0662 /* CLMTodoItem.h */,
				AF22928F174EFDD4000D0662 /* CLMTodoItem.m */,
			);
			path = TodoItem;
			sourceTree = "<group>";
		};
		AF229291174EFDDD000D0662 /* Managers */ = {
			isa = PBXGroup;
			children = (
				AF229292174EFDDD000D0662 /* DataManager */,
			);
			path = Managers;
			sourceTree = "<group>";
		};
		AF229292174EFDDD000D0662 /* DataManager */ = {
			isa = PBXGroup;
			children = (
				AF229293174EFDED000D0662 /* CLMTodoDataManager.h */,
				AF229294174EFDED000D0662 /* CLMTodoDataManager.m */,
			);
			path = DataManager;
			sourceTree = "<group>";
		};
		AF229297174F01E4000D0662 /* Categories */ = {
			isa = PBXGroup;
			children = (
				AF229298174F0202000D0662 /* UITableView+CellSwitch.h */,
				AF229299174F0202000D0662 /* UITableView+CellSwitch.m */,
				AF22929B174F02EF000D0662 /* UIView+ImageCapture.h */,
				AF22929C174F02EF000D0662 /* UIView+ImageCapture.m */,
				AF2292A0174F0C2C000D0662 /* UIColor+TodoColors.h */,
				AF2292A1174F0C2C000D0662 /* UIColor+TodoColors.m */,
			);
			path = Categories;
			sourceTree = "<group>";
		};
		AF2292A3174F1DE3000D0662 /* TodoItemCell */ = {
			isa = PBXGroup;
			children = (
				AF2292A4174F1DF8000D0662 /* CLMTodoItemCell.h */,
				AF2292A5174F1DF8000D0662 /* CLMTodoItemCell.m */,
				AF2292A7174F1E0B000D0662 /* CLMTodoItemCell.xib */,
			);
			path = TodoItemCell;
			sourceTree = "<group>";
		};
		AF2292A9174F2144000D0662 /* Fonts */ = {
			isa = PBXGroup;
			children = (
				AF2292AC174F2192000D0662 /* OpenSans-Semibold.ttf */,
				AF2292AA174F2144000D0662 /* OpenSans-SemiboldItalic.ttf */,
			);
			path = Fonts;
			sourceTree = "<group>";
		};
		AF2292AD175020CC000D0662 /* Images */ = {
			isa = PBXGroup;
			children = (
				AF2292AE175020CC000D0662 /* TodoCells */,
			);
			path = Images;
			sourceTree = "<group>";
		};
		AF2292AE175020CC000D0662 /* TodoCells */ = {
			isa = PBXGroup;
			children = (
				AFBCC8F7177D36A300461629 /* checkmark.png */,
				AFBCC8F5177D369900461629 /* checkmark_green.png */,
				AFBCC8F1177D364300461629 /* checkmark_green@2x.png */,
				AFBCC8F2177D364300461629 /* checkmark@2x.png */,
				AFBCC8ED177D33A800461629 /* trash_red.png */,
				AFBCC8EE177D33A800461629 /* trash_red@2x.png */,
				AF0AF424177A9BBD00C68A7C /* shadow.png */,
				AF0AF425177A9BBD00C68A7C /* shadow@2x.png */,
				AF0AF422177A964C00C68A7C /* trash.png */,
				AF0AF420177A960600C68A7C /* trash@2x.png */,
				AF2292AF175020CC000D0662 /* cell_background.png */,
				AF2292B0175020CC000D0662 /* cell_background@2x.png */,
			);
			path = TodoCells;
			sourceTree = "<group>";
		};
		AF2292B317507DC7000D0662 /* EditItemViewController */ = {
			isa = PBXGroup;
			children = (
				AF2292B417507DDB000D0662 /* CLMEditItemViewController.h */,
				AF2292B517507DDB000D0662 /* CLMEditItemViewController.m */,
				AF2292B617507DDB000D0662 /* CLMEditItemViewController.xib */,
			);
			path = EditItemViewController;
			sourceTree = "<group>";
		};
		AF2292B917508268000D0662 /* Mediators */ = {
			isa = PBXGroup;
			children = (
				AF2292BA1750827C000D0662 /* ListToEdit */,
			);
			path = Mediators;
			sourceTree = "<group>";
		};
		AF2292BA1750827C000D0662 /* ListToEdit */ = {
			isa = PBXGroup;
			children = (
				AF2292BB17508292000D0662 /* CLMEditTransitionMediator.h */,
				AF2292BC17508292000D0662 /* CLMEditTransitionMediator.m */,
			);
			path = ListToEdit;
			sourceTree = "<group>";
		};
		AF2293C2175115C6000D0662 /* TodoList */ = {
			isa = PBXGroup;
			children = (
				AF2293C3175115D3000D0662 /* CLMTodoList.h */,
				AF2293C4175115D3000D0662 /* CLMTodoList.m */,
			);
			path = TodoList;
			sourceTree = "<group>";
		};
		AF2293C61751205A000D0662 /* ListViewController */ = {
			isa = PBXGroup;
			children = (
				AF2293C717512076000D0662 /* CLMListsViewController.h */,
				AF2293C817512076000D0662 /* CLMListsViewController.m */,
				AF2293C917512076000D0662 /* CLMListsViewController.xib */,
			);
			path = ListViewController;
			sourceTree = "<group>";
		};
		AF2293CC1751211F000D0662 /* ListCell */ = {
			isa = PBXGroup;
			children = (
				AF2293CD17512131000D0662 /* CLMListCell.h */,
				AF2293CE17512131000D0662 /* CLMListCell.m */,
				AF2293D0175123A5000D0662 /* CLMListCell.xib */,
			);
			path = ListCell;
			sourceTree = "<group>";
		};
		AF89D172178091D300B7E7F6 /* GestureRecognizers */ = {
			isa = PBXGroup;
			children = (
				AF89D173178091FA00B7E7F6 /* CLMPinchGestureTableView.h */,
				AF89D174178091FA00B7E7F6 /* CLMPinchGestureTableView.m */,
			);
			path = GestureRecognizers;
			sourceTree = "<group>";
		};
/* End PBXGroup section */

/* Begin PBXNativeTarget section */
		AF22924C174EF9B1000D0662 /* Todo */ = {
			isa = PBXNativeTarget;
			buildConfigurationList = AF22926A174EF9B1000D0662 /* Build configuration list for PBXNativeTarget "Todo" */;
			buildPhases = (
				497A60B7B3814020859031C8 /* Check Pods Manifest.lock */,
				AF229249174EF9B1000D0662 /* Sources */,
				AF22924A174EF9B1000D0662 /* Frameworks */,
				AF22924B174EF9B1000D0662 /* Resources */,
				E5680D90EFA64C09B095FB6A /* Copy Pods Resources */,
			);
			buildRules = (
			);
			dependencies = (
			);
			name = Todo;
			productName = Todo;
			productReference = AF22924D174EF9B1000D0662 /* Todo.app */;
			productType = "com.apple.product-type.application";
		};
/* End PBXNativeTarget section */

/* Begin PBXProject section */
		AF229245174EF9B1000D0662 /* Project object */ = {
			isa = PBXProject;
			attributes = {
				CLASSPREFIX = CLM;
				LastUpgradeCheck = 0460;
				ORGANIZATIONNAME = "Andrew Hulsizer";
			};
			buildConfigurationList = AF229248174EF9B1000D0662 /* Build configuration list for PBXProject "Todo" */;
			compatibilityVersion = "Xcode 3.2";
			developmentRegion = English;
			hasScannedForEncodings = 0;
			knownRegions = (
				en,
			);
			mainGroup = AF229244174EF9B1000D0662;
			productRefGroup = AF22924E174EF9B1000D0662 /* Products */;
			projectDirPath = "";
			projectRoot = "";
			targets = (
				AF22924C174EF9B1000D0662 /* Todo */,
			);
		};
/* End PBXProject section */

/* Begin PBXResourcesBuildPhase section */
		AF22924B174EF9B1000D0662 /* Resources */ = {
			isa = PBXResourcesBuildPhase;
			buildActionMask = 2147483647;
			files = (
				AF0AF427177A9BBD00C68A7C /* shadow@2x.png in Resources */,
				AF22925B174EF9B1000D0662 /* InfoPlist.strings in Resources */,
				AFBCC8EF177D33A800461629 /* trash_red.png in Resources */,
				AF0AF421177A960600C68A7C /* trash@2x.png in Resources */,
				AFBCC8F6177D369900461629 /* checkmark_green.png in Resources */,
				AFBCC8F3177D364300461629 /* checkmark_green@2x.png in Resources */,
				AF229275174EF9EC000D0662 /* Default-568h@2x.png in Resources */,
				AF229276174EF9EC000D0662 /* Default.png in Resources */,
				AF0AF423177A964C00C68A7C /* trash.png in Resources */,
				AF0AF426177A9BBD00C68A7C /* shadow.png in Resources */,
				AF229277174EF9EC000D0662 /* Default@2x.png in Resources */,
				AF229284174EFB7C000D0662 /* CLMTodoViewController.xib in Resources */,
				AF2292A8174F1E0B000D0662 /* CLMTodoItemCell.xib in Resources */,
				AF2292AB174F2144000D0662 /* OpenSans-SemiboldItalic.ttf in Resources */,
				AF2292B1175020CC000D0662 /* cell_background.png in Resources */,
				AFBCC8F4177D364300461629 /* checkmark@2x.png in Resources */,
				AF2292B2175020CC000D0662 /* cell_background@2x.png in Resources */,
				AF2292B817507DDB000D0662 /* CLMEditItemViewController.xib in Resources */,
				AFBCC8F0177D33A800461629 /* trash_red@2x.png in Resources */,
				AFBCC8F8177D36A300461629 /* checkmark.png in Resources */,
				AF2293CB17512076000D0662 /* CLMListsViewController.xib in Resources */,
				AF2293D1175123A6000D0662 /* CLMListCell.xib in Resources */,
			);
			runOnlyForDeploymentPostprocessing = 0;
		};
/* End PBXResourcesBuildPhase section */

/* Begin PBXShellScriptBuildPhase section */
		497A60B7B3814020859031C8 /* Check Pods Manifest.lock */ = {
			isa = PBXShellScriptBuildPhase;
			buildActionMask = 2147483647;
			files = (
			);
			inputPaths = (
			);
			name = "Check Pods Manifest.lock";
			outputPaths = (
			);
			runOnlyForDeploymentPostprocessing = 0;
			shellPath = /bin/sh;
			shellScript = "diff \"${PODS_ROOT}/../Podfile.lock\" \"${PODS_ROOT}/Manifest.lock\" > /dev/null\nif [[ $? != 0 ]] ; then\n    cat << EOM\nerror: The sandbox is not in sync with the Podfile.lock. Run 'pod install' or update your CocoaPods installation.\nEOM\n    exit 1\nfi\n";
		};
		E5680D90EFA64C09B095FB6A /* Copy Pods Resources */ = {
			isa = PBXShellScriptBuildPhase;
			buildActionMask = 2147483647;
			files = (
			);
			inputPaths = (
			);
			name = "Copy Pods Resources";
			outputPaths = (
			);
			runOnlyForDeploymentPostprocessing = 0;
			shellPath = /bin/sh;
			shellScript = "\"${SRCROOT}/Pods/Pods-resources.sh\"\n";
		};
/* End PBXShellScriptBuildPhase section */

/* Begin PBXSourcesBuildPhase section */
		AF229249174EF9B1000D0662 /* Sources */ = {
			isa = PBXSourcesBuildPhase;
			buildActionMask = 2147483647;
			files = (
				AF89D1751780936100B7E7F6 /* CLMPinchGestureTableView.m in Sources */,
				AF22925D174EF9B1000D0662 /* main.m in Sources */,
				AF229274174EF9EC000D0662 /* CLMAppDelegate.m in Sources */,
				AF22927E174EFA32000D0662 /* CLMApplicationViewController.m in Sources */,
				AF229283174EFB7C000D0662 /* CLMTodoViewController.m in Sources */,
				AF229288174EFC7D000D0662 /* CLMConstants.m in Sources */,
				AF229290174EFDD4000D0662 /* CLMTodoItem.m in Sources */,
				AF229295174EFDED000D0662 /* CLMTodoDataManager.m in Sources */,
				AF22929A174F0202000D0662 /* UITableView+CellSwitch.m in Sources */,
				AF22929D174F02EF000D0662 /* UIView+ImageCapture.m in Sources */,
				AF2292A2174F0C2C000D0662 /* UIColor+TodoColors.m in Sources */,
				AF2292A6174F1DF8000D0662 /* CLMTodoItemCell.m in Sources */,
				AF2292B717507DDB000D0662 /* CLMEditItemViewController.m in Sources */,
				AF2292BD17508292000D0662 /* CLMEditTransitionMediator.m in Sources */,
				AF2293C5175115D3000D0662 /* CLMTodoList.m in Sources */,
				AF2293CA17512076000D0662 /* CLMListsViewController.m in Sources */,
				AF2293CF17512131000D0662 /* CLMListCell.m in Sources */,
			);
			runOnlyForDeploymentPostprocessing = 0;
		};
/* End PBXSourcesBuildPhase section */

/* Begin PBXVariantGroup section */
		AF229259174EF9B1000D0662 /* InfoPlist.strings */ = {
			isa = PBXVariantGroup;
			children = (
				AF22925A174EF9B1000D0662 /* en */,
			);
			name = InfoPlist.strings;
			sourceTree = "<group>";
		};
/* End PBXVariantGroup section */

/* Begin XCBuildConfiguration section */
		AF229268174EF9B1000D0662 /* Debug */ = {
			isa = XCBuildConfiguration;
			buildSettings = {
				ALWAYS_SEARCH_USER_PATHS = NO;
				CLANG_CXX_LANGUAGE_STANDARD = "gnu++0x";
				CLANG_CXX_LIBRARY = "libc++";
				CLANG_ENABLE_OBJC_ARC = YES;
				CLANG_WARN_CONSTANT_CONVERSION = YES;
				CLANG_WARN_EMPTY_BODY = YES;
				CLANG_WARN_ENUM_CONVERSION = YES;
				CLANG_WARN_INT_CONVERSION = YES;
				CLANG_WARN__DUPLICATE_METHOD_MATCH = YES;
				"CODE_SIGN_IDENTITY[sdk=iphoneos*]" = "iPhone Developer";
				COPY_PHASE_STRIP = NO;
				GCC_C_LANGUAGE_STANDARD = gnu99;
				GCC_DYNAMIC_NO_PIC = NO;
				GCC_OPTIMIZATION_LEVEL = 0;
				GCC_PREPROCESSOR_DEFINITIONS = (
					"DEBUG=1",
					"$(inherited)",
				);
				GCC_SYMBOLS_PRIVATE_EXTERN = NO;
				GCC_WARN_ABOUT_RETURN_TYPE = YES;
				GCC_WARN_UNINITIALIZED_AUTOS = YES;
				GCC_WARN_UNUSED_VARIABLE = YES;
				IPHONEOS_DEPLOYMENT_TARGET = 6.1;
				ONLY_ACTIVE_ARCH = YES;
				SDKROOT = iphoneos;
			};
			name = Debug;
		};
		AF229269174EF9B1000D0662 /* Release */ = {
			isa = XCBuildConfiguration;
			buildSettings = {
				ALWAYS_SEARCH_USER_PATHS = NO;
				CLANG_CXX_LANGUAGE_STANDARD = "gnu++0x";
				CLANG_CXX_LIBRARY = "libc++";
				CLANG_ENABLE_OBJC_ARC = YES;
				CLANG_WARN_CONSTANT_CONVERSION = YES;
				CLANG_WARN_EMPTY_BODY = YES;
				CLANG_WARN_ENUM_CONVERSION = YES;
				CLANG_WARN_INT_CONVERSION = YES;
				CLANG_WARN__DUPLICATE_METHOD_MATCH = YES;
				"CODE_SIGN_IDENTITY[sdk=iphoneos*]" = "iPhone Developer";
				COPY_PHASE_STRIP = YES;
				GCC_C_LANGUAGE_STANDARD = gnu99;
				GCC_WARN_ABOUT_RETURN_TYPE = YES;
				GCC_WARN_UNINITIALIZED_AUTOS = YES;
				GCC_WARN_UNUSED_VARIABLE = YES;
				IPHONEOS_DEPLOYMENT_TARGET = 6.1;
				OTHER_CFLAGS = "-DNS_BLOCK_ASSERTIONS=1";
				SDKROOT = iphoneos;
				VALIDATE_PRODUCT = YES;
			};
			name = Release;
		};
		AF22926B174EF9B1000D0662 /* Debug */ = {
			isa = XCBuildConfiguration;
			baseConfigurationReference = 3C91E80E787541FE97790DAB /* Pods.xcconfig */;
			buildSettings = {
				GCC_PRECOMPILE_PREFIX_HEADER = YES;
				GCC_PREFIX_HEADER = "Todo/Todo-Prefix.pch";
				INFOPLIST_FILE = "Todo/Todo-Info.plist";
				IPHONEOS_DEPLOYMENT_TARGET = 7.0;
				PRODUCT_NAME = "$(TARGET_NAME)";
				WRAPPER_EXTENSION = app;
			};
			name = Debug;
		};
		AF22926C174EF9B1000D0662 /* Release */ = {
			isa = XCBuildConfiguration;
			baseConfigurationReference = 3C91E80E787541FE97790DAB /* Pods.xcconfig */;
			buildSettings = {
				GCC_PRECOMPILE_PREFIX_HEADER = YES;
				GCC_PREFIX_HEADER = "Todo/Todo-Prefix.pch";
				INFOPLIST_FILE = "Todo/Todo-Info.plist";
				IPHONEOS_DEPLOYMENT_TARGET = 7.0;
				PRODUCT_NAME = "$(TARGET_NAME)";
				WRAPPER_EXTENSION = app;
			};
			name = Release;
		};
/* End XCBuildConfiguration section */

/* Begin XCConfigurationList section */
		AF229248174EF9B1000D0662 /* Build configuration list for PBXProject "Todo" */ = {
			isa = XCConfigurationList;
			buildConfigurations = (
				AF229268174EF9B1000D0662 /* Debug */,
				AF229269174EF9B1000D0662 /* Release */,
			);
			defaultConfigurationIsVisible = 0;
			defaultConfigurationName = Release;
		};
		AF22926A174EF9B1000D0662 /* Build configuration list for PBXNativeTarget "Todo" */ = {
			isa = XCConfigurationList;
			buildConfigurations = (
				AF22926B174EF9B1000D0662 /* Debug */,
				AF22926C174EF9B1000D0662 /* Release */,
			);
			defaultConfigurationIsVisible = 0;
			defaultConfigurationName = Release;
		};
/* End XCConfigurationList section */
	};
	rootObject = AF229245174EF9B1000D0662 /* Project object */;
}
